PODS:
  - Crashlytics (3.13.1):
    - Fabric (~> 1.10.1)
  - Fabric (1.10.1)
  - Firebase/AdMob (6.0.0):
    - Firebase/CoreOnly
    - Google-Mobile-Ads-SDK (~> 7.43)
  - Firebase/Core (6.0.0):
    - Firebase/CoreOnly
    - FirebaseAnalytics (= 6.0.0)
  - Firebase/CoreOnly (6.0.0):
    - FirebaseCore (= 6.0.0)
  - FirebaseAnalytics (6.0.0):
    - FirebaseCore (~> 6.0)
    - FirebaseInstanceID (~> 4.0)
    - GoogleAppMeasurement (= 6.0.0)
    - GoogleUtilities/AppDelegateSwizzler (~> 6.0)
    - GoogleUtilities/MethodSwizzler (~> 6.0)
    - GoogleUtilities/Network (~> 6.0)
    - "GoogleUtilities/NSData+zlib (~> 6.0)"
    - nanopb (~> 0.3)
  - FirebaseCore (6.0.0):
    - GoogleUtilities/Environment (~> 6.0)
    - GoogleUtilities/Logger (~> 6.0)
  - FirebaseInstanceID (4.0.0):
    - FirebaseCore (~> 6.0)
    - GoogleUtilities/Environment (~> 6.0)
    - GoogleUtilities/UserDefaults (~> 6.0)
  - GADManager (1.0.1):
    - Firebase/AdMob
  - Google-Mobile-Ads-SDK (7.44.0):
    - GoogleAppMeasurement (~> 6.0)
  - GoogleAppMeasurement (6.0.0):
    - GoogleUtilities/AppDelegateSwizzler (~> 6.0)
    - GoogleUtilities/MethodSwizzler (~> 6.0)
    - GoogleUtilities/Network (~> 6.0)
    - "GoogleUtilities/NSData+zlib (~> 6.0)"
    - nanopb (~> 0.3)
  - GoogleUtilities/AppDelegateSwizzler (6.1.0):
    - GoogleUtilities/Environment
    - GoogleUtilities/Logger
    - GoogleUtilities/Network
  - GoogleUtilities/Environment (6.1.0)
  - GoogleUtilities/Logger (6.1.0):
    - GoogleUtilities/Environment
  - GoogleUtilities/MethodSwizzler (6.1.0):
    - GoogleUtilities/Logger
  - GoogleUtilities/Network (6.1.0):
    - GoogleUtilities/Logger
    - "GoogleUtilities/NSData+zlib"
    - GoogleUtilities/Reachability
  - "GoogleUtilities/NSData+zlib (6.1.0)"
  - GoogleUtilities/Reachability (6.1.0):
    - GoogleUtilities/Logger
  - GoogleUtilities/UserDefaults (6.1.0):
    - GoogleUtilities/Logger
  - KakaoOpenSDK (1.12.0):
    - KakaoOpenSDK/KakaoCommon (= 1.12.0)
    - KakaoOpenSDK/KakaoLink (= 1.12.0)
    - KakaoOpenSDK/KakaoMessageTemplate (= 1.12.0)
    - KakaoOpenSDK/KakaoNavi (= 1.12.0)
    - KakaoOpenSDK/KakaoOpenSDK (= 1.12.0)
    - KakaoOpenSDK/KakaoS2 (= 1.12.0)
  - KakaoOpenSDK/KakaoCommon (1.12.0)
  - KakaoOpenSDK/KakaoLink (1.12.0):
    - KakaoOpenSDK/KakaoCommon
  - KakaoOpenSDK/KakaoMessageTemplate (1.12.0)
  - KakaoOpenSDK/KakaoNavi (1.12.0):
    - KakaoOpenSDK/KakaoCommon
  - KakaoOpenSDK/KakaoOpenSDK (1.12.0)
  - KakaoOpenSDK/KakaoS2 (1.12.0):
    - KakaoOpenSDK/KakaoCommon
  - LSExtensions (0.1.7)
  - nanopb (0.3.901):
    - nanopb/decode (= 0.3.901)
    - nanopb/encode (= 0.3.901)
  - nanopb/decode (0.3.901)
  - nanopb/encode (0.3.901)
  - RxCocoa (4.5.0):
    - RxSwift (>= 4.4.2, ~> 4.4)
  - RxSwift (4.5.0)
  - SSZipArchive (0.4.0)
  - XlsxReaderWriter (1.0.11):
    - SSZipArchive (~> 0.4)
    - XMLDictionary (~> 1.4)
  - XMLDictionary (1.4.1)

DEPENDENCIES:
  - Crashlytics
  - Fabric
  - Firebase/AdMob
  - Firebase/Core
  - GADManager (from `~/Projects/leesam/pods/GADManager/src/GADManager`)
  - KakaoOpenSDK
  - LSExtensions (from `~/Projects/leesam/pods/LSExtensions/src/LSExtensions`)
  - RxCocoa (~> 4.0)
  - RxSwift (~> 4.0)
  - XlsxReaderWriter

SPEC REPOS:
  https://github.com/cocoapods/specs.git:
    - Crashlytics
    - Fabric
    - Firebase
    - FirebaseAnalytics
    - FirebaseCore
    - FirebaseInstanceID
    - Google-Mobile-Ads-SDK
    - GoogleAppMeasurement
    - GoogleUtilities
    - KakaoOpenSDK
    - nanopb
    - RxCocoa
    - RxSwift
    - SSZipArchive
    - XlsxReaderWriter
    - XMLDictionary

EXTERNAL SOURCES:
  GADManager:
    :path: "~/Projects/leesam/pods/GADManager/src/GADManager"
  LSExtensions:
    :path: "~/Projects/leesam/pods/LSExtensions/src/LSExtensions"

SPEC CHECKSUMS:
  Crashlytics: 5aa8e90dcbf2f34898b4f5a0037787531246cca0
  Fabric: f6f21452846788bb44595d73e9909d79d328e617
  Firebase: fa80b9d987ca014a1ba9357496ef2a0178b28b12
  FirebaseAnalytics: 1743c5f4de3687d0745709dfdc4b1dea1484f44c
  FirebaseCore: e38f025287b413255a53acc1945d048a112047f7
  FirebaseInstanceID: 0e0348a3c00a734fa376a070f5ad4533ad975cb5
  GADManager: 511547f8bea2ec9d7c222b304ca626778c6b41e0
  Google-Mobile-Ads-SDK: 1e72b4f438d997ab0f2ee62b3a7b0cbcc87c47cb
  GoogleAppMeasurement: 7f028ea162b72c8f326daec74afc95d94f7a47d6
  GoogleUtilities: 84df567c76ca84f67b7bb40e769fdd4acc746a10
  KakaoOpenSDK: 7daf30dcf089b46f63587a91758895640d2f1e7c
  LSExtensions: b57d37517a6c805613e26013780d951ace0aa53f
  nanopb: 2901f78ea1b7b4015c860c2fdd1ea2fee1a18d48
  RxCocoa: cbf70265dc65a981d4ac982e513c10cf23df24a0
  RxSwift: f172070dfd1a93d70a9ab97a5a01166206e1c575
  SSZipArchive: d3d66fc0e3fb6ac0f723d95481aae71aae916cc3
  XlsxReaderWriter: 7e4c5c9fb7c4e78e4edc89fa11f50c086540277c
  XMLDictionary: fa07b6ff422b3a91d47a5de9bc82e3fc04fbd167

PODFILE CHECKSUM: 1aa1b6fef0872c340faf00a8afd497c910553dee

COCOAPODS: 1.6.0.beta.1
