// !$*UTF8*$!
{
	archiveVersion = 1;
	classes = {
	};
	objectVersion = 46;
	objects = {

/* Begin PBXBuildFile section */
		29A4197EDA166FA0D54AEC94 /* Pods_letscheers.framework in Frameworks */ = {isa = PBXBuildFile; fileRef = CEC2195A0C33AB526196018A /* Pods_letscheers.framework */; };
		2C09CA8D1E21E7BA006FBE56 /* LCExcelController.swift in Sources */ = {isa = PBXBuildFile; fileRef = 2C09CA8C1E21E7BA006FBE56 /* LCExcelController.swift */; };
		2C09CA8F1E222915006FBE56 /* LCToastTableViewCell.swift in Sources */ = {isa = PBXBuildFile; fileRef = 2C09CA8E1E222915006FBE56 /* LCToastTableViewCell.swift */; };
		2C09CA911E223590006FBE56 /* LCFavoriteTableViewController.swift in Sources */ = {isa = PBXBuildFile; fileRef = 2C09CA901E223590006FBE56 /* LCFavoriteTableViewController.swift */; };
		2C09CA931E2263EC006FBE56 /* follow@x3.png in Resources */ = {isa = PBXBuildFile; fileRef = 2C09CA921E2263EC006FBE56 /* follow@x3.png */; };
		2C09CA951E2267E1006FBE56 /* Icons7.png in Resources */ = {isa = PBXBuildFile; fileRef = 2C09CA941E2267E1006FBE56 /* Icons7.png */; };
		2C0AE4451E20954C00ADAA1A /* AppDelegate.swift in Sources */ = {isa = PBXBuildFile; fileRef = 2C0AE4441E20954C00ADAA1A /* AppDelegate.swift */; };
		2C0AE4471E20954C00ADAA1A /* MainViewController.swift in Sources */ = {isa = PBXBuildFile; fileRef = 2C0AE4461E20954C00ADAA1A /* MainViewController.swift */; };
		2C0AE44A1E20954C00ADAA1A /* Main.storyboard in Resources */ = {isa = PBXBuildFile; fileRef = 2C0AE4481E20954C00ADAA1A /* Main.storyboard */; };
		2C0AE44D1E20954C00ADAA1A /* letscheers.xcdatamodeld in Sources */ = {isa = PBXBuildFile; fileRef = 2C0AE44B1E20954C00ADAA1A /* letscheers.xcdatamodeld */; };
		2C0AE44F1E20954C00ADAA1A /* Assets.xcassets in Resources */ = {isa = PBXBuildFile; fileRef = 2C0AE44E1E20954C00ADAA1A /* Assets.xcassets */; };
		2C0AE4521E20954C00ADAA1A /* LaunchScreen.storyboard in Resources */ = {isa = PBXBuildFile; fileRef = 2C0AE4501E20954C00ADAA1A /* LaunchScreen.storyboard */; };
		2C0AE45D1E20954C00ADAA1A /* letscheersTests.swift in Sources */ = {isa = PBXBuildFile; fileRef = 2C0AE45C1E20954C00ADAA1A /* letscheersTests.swift */; };
		2C0AE4681E20954C00ADAA1A /* letscheersUITests.swift in Sources */ = {isa = PBXBuildFile; fileRef = 2C0AE4671E20954C00ADAA1A /* letscheersUITests.swift */; };
		2C0AE4791E2099F600ADAA1A /* GoogleService-Info.plist in Resources */ = {isa = PBXBuildFile; fileRef = 2C0AE4781E2099F600ADAA1A /* GoogleService-Info.plist */; };
		2C0AE47C1E20A4E900ADAA1A /* GADBannerView+.swift in Sources */ = {isa = PBXBuildFile; fileRef = 2C0AE47B1E20A4E900ADAA1A /* GADBannerView+.swift */; };
		2C100F6320777F4E003962DC /* GADBannerView+Unvisible.swift in Sources */ = {isa = PBXBuildFile; fileRef = 2C100F6220777F4E003962DC /* GADBannerView+Unvisible.swift */; };
		2C10590920909DF30064E933 /* Y2K.png in Resources */ = {isa = PBXBuildFile; fileRef = 2C10590820909DF30064E933 /* Y2K.png */; };
		2C10590D2090BD8D0064E933 /* LCFavoriteModelController.swift in Sources */ = {isa = PBXBuildFile; fileRef = 2C10590C2090BD8D0064E933 /* LCFavoriteModelController.swift */; };
		2C172B3D1F70E6F300962B6F /* GADInterstitialManager.swift in Sources */ = {isa = PBXBuildFile; fileRef = 2C172B3C1F70E6F300962B6F /* GADInterstitialManager.swift */; };
		2C172B3F1F70E75100962B6F /* GADRewardManager.swift in Sources */ = {isa = PBXBuildFile; fileRef = 2C172B3E1F70E75100962B6F /* GADRewardManager.swift */; };
		2C172B411F70E75900962B6F /* ReviewManager.swift in Sources */ = {isa = PBXBuildFile; fileRef = 2C172B401F70E75900962B6F /* ReviewManager.swift */; };
		2C172B431F70E76500962B6F /* UIApplication+KakaoLink.swift in Sources */ = {isa = PBXBuildFile; fileRef = 2C172B421F70E76500962B6F /* UIApplication+KakaoLink.swift */; };
		2C18244E2091D9D1006AD230 /* NSFetchedResultsController+UITableView.swift in Sources */ = {isa = PBXBuildFile; fileRef = 2C18244D2091D9D1006AD230 /* NSFetchedResultsController+UITableView.swift */; };
		2C1FDC5F207F9BD40071CC22 /* ObservableType+UITableView.swift in Sources */ = {isa = PBXBuildFile; fileRef = 2C1FDC5E207F9BD40071CC22 /* ObservableType+UITableView.swift */; };
		2C8937C21E20ADB000497CAA /* beer_off.png in Resources */ = {isa = PBXBuildFile; fileRef = 2C8937C11E20ADB000497CAA /* beer_off.png */; };
		2C8937C41E20ADCC00497CAA /* beer_on.png in Resources */ = {isa = PBXBuildFile; fileRef = 2C8937C31E20ADCC00497CAA /* beer_on.png */; };
		2C8937C61E20ADF200497CAA /* favorite_off.png in Resources */ = {isa = PBXBuildFile; fileRef = 2C8937C51E20ADF200497CAA /* favorite_off.png */; };
		2C8937C81E20AE0A00497CAA /* favorite_on.png in Resources */ = {isa = PBXBuildFile; fileRef = 2C8937C71E20AE0A00497CAA /* favorite_on.png */; };
		2C8937CA1E20AF4C00497CAA /* meeting_off.png in Resources */ = {isa = PBXBuildFile; fileRef = 2C8937C91E20AF4C00497CAA /* meeting_off.png */; };
		2C8937CC1E20AF5D00497CAA /* meeting_on.png in Resources */ = {isa = PBXBuildFile; fileRef = 2C8937CB1E20AF5D00497CAA /* meeting_on.png */; };
		2C8937CE1E20AFBE00497CAA /* health_off.png in Resources */ = {isa = PBXBuildFile; fileRef = 2C8937CD1E20AFBE00497CAA /* health_off.png */; };
		2C8937D01E20AFCE00497CAA /* health_on.png in Resources */ = {isa = PBXBuildFile; fileRef = 2C8937CF1E20AFCE00497CAA /* health_on.png */; };
		2C8937D21E20B11100497CAA /* follow_off.png in Resources */ = {isa = PBXBuildFile; fileRef = 2C8937D11E20B11100497CAA /* follow_off.png */; };
		2C8937D41E20B12700497CAA /* follow_on.png in Resources */ = {isa = PBXBuildFile; fileRef = 2C8937D31E20B12700497CAA /* follow_on.png */; };
		2C8937D61E20B20D00497CAA /* love_off.png in Resources */ = {isa = PBXBuildFile; fileRef = 2C8937D51E20B20D00497CAA /* love_off.png */; };
		2C8937D81E20B21900497CAA /* love_on.png in Resources */ = {isa = PBXBuildFile; fileRef = 2C8937D71E20B21900497CAA /* love_on.png */; };
		2C8937DA1E20B5DA00497CAA /* cheers.xlsx in Resources */ = {isa = PBXBuildFile; fileRef = 2C8937D91E20B5B300497CAA /* cheers.xlsx */; };
		2C8937DC1E20BDB100497CAA /* follow@x2.png in Resources */ = {isa = PBXBuildFile; fileRef = 2C8937DB1E20BDB100497CAA /* follow@x2.png */; };
		2C8937DE1E20BE2E00497CAA /* meeting@x2.png in Resources */ = {isa = PBXBuildFile; fileRef = 2C8937DD1E20BE2E00497CAA /* meeting@x2.png */; };
		2C8937E01E20BEAD00497CAA /* dining@x2.png in Resources */ = {isa = PBXBuildFile; fileRef = 2C8937DF1E20BEAD00497CAA /* dining@x2.png */; };
		2C8937E21E20BECA00497CAA /* health@x2.png in Resources */ = {isa = PBXBuildFile; fileRef = 2C8937E11E20BECA00497CAA /* health@x2.png */; };
		2C8937E41E20BEDD00497CAA /* dining_off.png in Resources */ = {isa = PBXBuildFile; fileRef = 2C8937E31E20BEDD00497CAA /* dining_off.png */; };
		2C8937E61E20BEE900497CAA /* dining_on.png in Resources */ = {isa = PBXBuildFile; fileRef = 2C8937E51E20BEE900497CAA /* dining_on.png */; };
		2C8937E91E20D80300497CAA /* LCToastCategory.swift in Sources */ = {isa = PBXBuildFile; fileRef = 2C8937E81E20D80300497CAA /* LCToastCategory.swift */; };
		2C8937EB1E20DA4900497CAA /* LCToast.swift in Sources */ = {isa = PBXBuildFile; fileRef = 2C8937EA1E20DA4900497CAA /* LCToast.swift */; };
		2C8937EE1E20DC3F00497CAA /* LCModelController.swift in Sources */ = {isa = PBXBuildFile; fileRef = 2C8937ED1E20DC3F00497CAA /* LCModelController.swift */; };
		2CA3E5F31E378DA8009CF079 /* bg_cheers.png in Resources */ = {isa = PBXBuildFile; fileRef = 2CA3E5F21E378DA8009CF079 /* bg_cheers.png */; };
		2CA3E5F61E3794A1009CF079 /* bg_follow_2.png in Resources */ = {isa = PBXBuildFile; fileRef = 2CA3E5F51E3794A1009CF079 /* bg_follow_2.png */; };
		2CA3E5F81E379525009CF079 /* bg_meeting.jpg in Resources */ = {isa = PBXBuildFile; fileRef = 2CA3E5F71E379525009CF079 /* bg_meeting.jpg */; };
		2CA3E5FA1E379574009CF079 /* bg_dining.jpg in Resources */ = {isa = PBXBuildFile; fileRef = 2CA3E5F91E379574009CF079 /* bg_dining.jpg */; };
		2CA3E5FC1E3795C9009CF079 /* bg_health.jpg in Resources */ = {isa = PBXBuildFile; fileRef = 2CA3E5FB1E3795C9009CF079 /* bg_health.jpg */; };
		2CA3E5FE1E37970C009CF079 /* bg_follow.jpg in Resources */ = {isa = PBXBuildFile; fileRef = 2CA3E5FD1E37970C009CF079 /* bg_follow.jpg */; };
		2CD99DE31E262183007A26E6 /* review_white_line@x1.5.png in Resources */ = {isa = PBXBuildFile; fileRef = 2CD99DE21E262182007A26E6 /* review_white_line@x1.5.png */; };
		2CEEA4C01E9D0A0B00D44F78 /* GADInterstitial+.swift in Sources */ = {isa = PBXBuildFile; fileRef = 2CEEA4BF1E9D0A0B00D44F78 /* GADInterstitial+.swift */; };
		2CEEA4C21E9D0FA800D44F78 /* LCDefaults.swift in Sources */ = {isa = PBXBuildFile; fileRef = 2CEEA4C11E9D0FA800D44F78 /* LCDefaults.swift */; };
		2CFA892D1E210DFB00E56F6B /* LCToastTableViewController.swift in Sources */ = {isa = PBXBuildFile; fileRef = 2CFA892C1E210DFB00E56F6B /* LCToastTableViewController.swift */; };
		2CFA892F1E210E9900E56F6B /* LCCategotyTableViewController.swift in Sources */ = {isa = PBXBuildFile; fileRef = 2CFA892E1E210E9900E56F6B /* LCCategotyTableViewController.swift */; };
		2CFA89311E210FBB00E56F6B /* LCCategoryTableViewCell.swift in Sources */ = {isa = PBXBuildFile; fileRef = 2CFA89301E210FBB00E56F6B /* LCCategoryTableViewCell.swift */; };
		2CFA893A1E21346600E56F6B /* meeting@x3.png in Resources */ = {isa = PBXBuildFile; fileRef = 2CFA89391E21346600E56F6B /* meeting@x3.png */; };
		2CFA893C1E21349400E56F6B /* dining@x3.png in Resources */ = {isa = PBXBuildFile; fileRef = 2CFA893B1E21349400E56F6B /* dining@x3.png */; };
		2CFA893E1E2134A900E56F6B /* health@x3.png in Resources */ = {isa = PBXBuildFile; fileRef = 2CFA893D1E2134A900E56F6B /* health@x3.png */; };
		2CFF5AA81E389CA0001D4410 /* credif.png in Resources */ = {isa = PBXBuildFile; fileRef = 2CFF5AA71E389CA0001D4410 /* credif.png */; };
		AEB0A06D53FC885671D8F950 /* Pods_letscheersTests.framework in Frameworks */ = {isa = PBXBuildFile; fileRef = 692E4970506D410676AE1192 /* Pods_letscheersTests.framework */; };
		B622E27D758BE7FC60C2ED45 /* Pods_letscheersUITests.framework in Frameworks */ = {isa = PBXBuildFile; fileRef = B9C8CA5707CB1698634DF3C8 /* Pods_letscheersUITests.framework */; };
/* End PBXBuildFile section */

/* Begin PBXContainerItemProxy section */
		2C0AE4591E20954C00ADAA1A /* PBXContainerItemProxy */ = {
			isa = PBXContainerItemProxy;
			containerPortal = 2C0AE4391E20954C00ADAA1A /* Project object */;
			proxyType = 1;
			remoteGlobalIDString = 2C0AE4401E20954C00ADAA1A;
			remoteInfo = letscheers;
		};
		2C0AE4641E20954C00ADAA1A /* PBXContainerItemProxy */ = {
			isa = PBXContainerItemProxy;
			containerPortal = 2C0AE4391E20954C00ADAA1A /* Project object */;
			proxyType = 1;
			remoteGlobalIDString = 2C0AE4401E20954C00ADAA1A;
			remoteInfo = letscheers;
		};
/* End PBXContainerItemProxy section */

/* Begin PBXFileReference section */
		2C09CA8C1E21E7BA006FBE56 /* LCExcelController.swift */ = {isa = PBXFileReference; fileEncoding = 4; lastKnownFileType = sourcecode.swift; path = LCExcelController.swift; sourceTree = "<group>"; };
		2C09CA8E1E222915006FBE56 /* LCToastTableViewCell.swift */ = {isa = PBXFileReference; fileEncoding = 4; lastKnownFileType = sourcecode.swift; path = LCToastTableViewCell.swift; sourceTree = "<group>"; };
		2C09CA901E223590006FBE56 /* LCFavoriteTableViewController.swift */ = {isa = PBXFileReference; fileEncoding = 4; lastKnownFileType = sourcecode.swift; path = LCFavoriteTableViewController.swift; sourceTree = "<group>"; };
		2C09CA921E2263EC006FBE56 /* follow@x3.png */ = {isa = PBXFileReference; lastKnownFileType = image.png; path = "follow@x3.png"; sourceTree = "<group>"; };
		2C09CA941E2267E1006FBE56 /* Icons7.png */ = {isa = PBXFileReference; lastKnownFileType = image.png; path = Icons7.png; sourceTree = "<group>"; };
		2C0AE4411E20954C00ADAA1A /* letscheers.app */ = {isa = PBXFileReference; explicitFileType = wrapper.application; includeInIndex = 0; path = letscheers.app; sourceTree = BUILT_PRODUCTS_DIR; };
		2C0AE4441E20954C00ADAA1A /* AppDelegate.swift */ = {isa = PBXFileReference; lastKnownFileType = sourcecode.swift; path = AppDelegate.swift; sourceTree = "<group>"; };
		2C0AE4461E20954C00ADAA1A /* MainViewController.swift */ = {isa = PBXFileReference; lastKnownFileType = sourcecode.swift; path = MainViewController.swift; sourceTree = "<group>"; };
		2C0AE4491E20954C00ADAA1A /* Base */ = {isa = PBXFileReference; lastKnownFileType = file.storyboard; name = Base; path = Base.lproj/Main.storyboard; sourceTree = "<group>"; };
		2C0AE44C1E20954C00ADAA1A /* letscheers.xcdatamodel */ = {isa = PBXFileReference; lastKnownFileType = wrapper.xcdatamodel; path = letscheers.xcdatamodel; sourceTree = "<group>"; };
		2C0AE44E1E20954C00ADAA1A /* Assets.xcassets */ = {isa = PBXFileReference; lastKnownFileType = folder.assetcatalog; path = Assets.xcassets; sourceTree = "<group>"; };
		2C0AE4511E20954C00ADAA1A /* Base */ = {isa = PBXFileReference; lastKnownFileType = file.storyboard; name = Base; path = Base.lproj/LaunchScreen.storyboard; sourceTree = "<group>"; };
		2C0AE4531E20954C00ADAA1A /* Info.plist */ = {isa = PBXFileReference; lastKnownFileType = text.plist.xml; path = Info.plist; sourceTree = "<group>"; };
		2C0AE4581E20954C00ADAA1A /* letscheersTests.xctest */ = {isa = PBXFileReference; explicitFileType = wrapper.cfbundle; includeInIndex = 0; path = letscheersTests.xctest; sourceTree = BUILT_PRODUCTS_DIR; };
		2C0AE45C1E20954C00ADAA1A /* letscheersTests.swift */ = {isa = PBXFileReference; lastKnownFileType = sourcecode.swift; path = letscheersTests.swift; sourceTree = "<group>"; };
		2C0AE45E1E20954C00ADAA1A /* Info.plist */ = {isa = PBXFileReference; lastKnownFileType = text.plist.xml; path = Info.plist; sourceTree = "<group>"; };
		2C0AE4631E20954C00ADAA1A /* letscheersUITests.xctest */ = {isa = PBXFileReference; explicitFileType = wrapper.cfbundle; includeInIndex = 0; path = letscheersUITests.xctest; sourceTree = BUILT_PRODUCTS_DIR; };
		2C0AE4671E20954C00ADAA1A /* letscheersUITests.swift */ = {isa = PBXFileReference; lastKnownFileType = sourcecode.swift; path = letscheersUITests.swift; sourceTree = "<group>"; };
		2C0AE4691E20954C00ADAA1A /* Info.plist */ = {isa = PBXFileReference; lastKnownFileType = text.plist.xml; path = Info.plist; sourceTree = "<group>"; };
		2C0AE4781E2099F600ADAA1A /* GoogleService-Info.plist */ = {isa = PBXFileReference; fileEncoding = 4; lastKnownFileType = text.plist.xml; path = "GoogleService-Info.plist"; sourceTree = "<group>"; };
		2C0AE47B1E20A4E900ADAA1A /* GADBannerView+.swift */ = {isa = PBXFileReference; fileEncoding = 4; lastKnownFileType = sourcecode.swift; path = "GADBannerView+.swift"; sourceTree = "<group>"; };
		2C100F6220777F4E003962DC /* GADBannerView+Unvisible.swift */ = {isa = PBXFileReference; lastKnownFileType = sourcecode.swift; path = "GADBannerView+Unvisible.swift"; sourceTree = "<group>"; };
		2C10590820909DF30064E933 /* Y2K.png */ = {isa = PBXFileReference; lastKnownFileType = image.png; path = Y2K.png; sourceTree = "<group>"; };
		2C10590C2090BD8D0064E933 /* LCFavoriteModelController.swift */ = {isa = PBXFileReference; lastKnownFileType = sourcecode.swift; path = LCFavoriteModelController.swift; sourceTree = "<group>"; };
		2C172B3C1F70E6F300962B6F /* GADInterstitialManager.swift */ = {isa = PBXFileReference; fileEncoding = 4; lastKnownFileType = sourcecode.swift; path = GADInterstitialManager.swift; sourceTree = "<group>"; };
		2C172B3E1F70E75100962B6F /* GADRewardManager.swift */ = {isa = PBXFileReference; fileEncoding = 4; lastKnownFileType = sourcecode.swift; path = GADRewardManager.swift; sourceTree = "<group>"; };
		2C172B401F70E75900962B6F /* ReviewManager.swift */ = {isa = PBXFileReference; fileEncoding = 4; lastKnownFileType = sourcecode.swift; path = ReviewManager.swift; sourceTree = "<group>"; };
		2C172B421F70E76500962B6F /* UIApplication+KakaoLink.swift */ = {isa = PBXFileReference; fileEncoding = 4; lastKnownFileType = sourcecode.swift; path = "UIApplication+KakaoLink.swift"; sourceTree = "<group>"; };
		2C18244D2091D9D1006AD230 /* NSFetchedResultsController+UITableView.swift */ = {isa = PBXFileReference; lastKnownFileType = sourcecode.swift; path = "NSFetchedResultsController+UITableView.swift"; sourceTree = "<group>"; };
		2C1FDC5E207F9BD40071CC22 /* ObservableType+UITableView.swift */ = {isa = PBXFileReference; lastKnownFileType = sourcecode.swift; path = "ObservableType+UITableView.swift"; sourceTree = "<group>"; };
		2C8937C11E20ADB000497CAA /* beer_off.png */ = {isa = PBXFileReference; lastKnownFileType = image.png; path = beer_off.png; sourceTree = "<group>"; };
		2C8937C31E20ADCC00497CAA /* beer_on.png */ = {isa = PBXFileReference; lastKnownFileType = image.png; path = beer_on.png; sourceTree = "<group>"; };
		2C8937C51E20ADF200497CAA /* favorite_off.png */ = {isa = PBXFileReference; lastKnownFileType = image.png; path = favorite_off.png; sourceTree = "<group>"; };
		2C8937C71E20AE0A00497CAA /* favorite_on.png */ = {isa = PBXFileReference; lastKnownFileType = image.png; path = favorite_on.png; sourceTree = "<group>"; };
		2C8937C91E20AF4C00497CAA /* meeting_off.png */ = {isa = PBXFileReference; lastKnownFileType = image.png; path = meeting_off.png; sourceTree = "<group>"; };
		2C8937CB1E20AF5D00497CAA /* meeting_on.png */ = {isa = PBXFileReference; lastKnownFileType = image.png; path = meeting_on.png; sourceTree = "<group>"; };
		2C8937CD1E20AFBE00497CAA /* health_off.png */ = {isa = PBXFileReference; lastKnownFileType = image.png; path = health_off.png; sourceTree = "<group>"; };
		2C8937CF1E20AFCE00497CAA /* health_on.png */ = {isa = PBXFileReference; lastKnownFileType = image.png; path = health_on.png; sourceTree = "<group>"; };
		2C8937D11E20B11100497CAA /* follow_off.png */ = {isa = PBXFileReference; lastKnownFileType = image.png; path = follow_off.png; sourceTree = "<group>"; };
		2C8937D31E20B12700497CAA /* follow_on.png */ = {isa = PBXFileReference; lastKnownFileType = image.png; path = follow_on.png; sourceTree = "<group>"; };
		2C8937D51E20B20D00497CAA /* love_off.png */ = {isa = PBXFileReference; lastKnownFileType = image.png; path = love_off.png; sourceTree = "<group>"; };
		2C8937D71E20B21900497CAA /* love_on.png */ = {isa = PBXFileReference; lastKnownFileType = image.png; path = love_on.png; sourceTree = "<group>"; };
		2C8937D91E20B5B300497CAA /* cheers.xlsx */ = {isa = PBXFileReference; lastKnownFileType = file; path = cheers.xlsx; sourceTree = "<group>"; };
		2C8937DB1E20BDB100497CAA /* follow@x2.png */ = {isa = PBXFileReference; lastKnownFileType = image.png; path = "follow@x2.png"; sourceTree = "<group>"; };
		2C8937DD1E20BE2E00497CAA /* meeting@x2.png */ = {isa = PBXFileReference; lastKnownFileType = image.png; path = "meeting@x2.png"; sourceTree = "<group>"; };
		2C8937DF1E20BEAD00497CAA /* dining@x2.png */ = {isa = PBXFileReference; lastKnownFileType = image.png; path = "dining@x2.png"; sourceTree = "<group>"; };
		2C8937E11E20BECA00497CAA /* health@x2.png */ = {isa = PBXFileReference; lastKnownFileType = image.png; path = "health@x2.png"; sourceTree = "<group>"; };
		2C8937E31E20BEDD00497CAA /* dining_off.png */ = {isa = PBXFileReference; lastKnownFileType = image.png; path = dining_off.png; sourceTree = "<group>"; };
		2C8937E51E20BEE900497CAA /* dining_on.png */ = {isa = PBXFileReference; lastKnownFileType = image.png; path = dining_on.png; sourceTree = "<group>"; };
		2C8937E81E20D80300497CAA /* LCToastCategory.swift */ = {isa = PBXFileReference; fileEncoding = 4; lastKnownFileType = sourcecode.swift; path = LCToastCategory.swift; sourceTree = "<group>"; };
		2C8937EA1E20DA4900497CAA /* LCToast.swift */ = {isa = PBXFileReference; fileEncoding = 4; lastKnownFileType = sourcecode.swift; path = LCToast.swift; sourceTree = "<group>"; };
		2C8937ED1E20DC3F00497CAA /* LCModelController.swift */ = {isa = PBXFileReference; fileEncoding = 4; lastKnownFileType = sourcecode.swift; path = LCModelController.swift; sourceTree = "<group>"; };
		2CA3E5F21E378DA8009CF079 /* bg_cheers.png */ = {isa = PBXFileReference; lastKnownFileType = image.png; name = bg_cheers.png; path = ../bg_cheers.png; sourceTree = "<group>"; };
		2CA3E5F51E3794A1009CF079 /* bg_follow_2.png */ = {isa = PBXFileReference; lastKnownFileType = image.png; path = bg_follow_2.png; sourceTree = "<group>"; };
		2CA3E5F71E379525009CF079 /* bg_meeting.jpg */ = {isa = PBXFileReference; lastKnownFileType = image.jpeg; path = bg_meeting.jpg; sourceTree = "<group>"; };
		2CA3E5F91E379574009CF079 /* bg_dining.jpg */ = {isa = PBXFileReference; lastKnownFileType = image.jpeg; path = bg_dining.jpg; sourceTree = "<group>"; };
		2CA3E5FB1E3795C9009CF079 /* bg_health.jpg */ = {isa = PBXFileReference; lastKnownFileType = image.jpeg; path = bg_health.jpg; sourceTree = "<group>"; };
		2CA3E5FD1E37970C009CF079 /* bg_follow.jpg */ = {isa = PBXFileReference; lastKnownFileType = image.jpeg; path = bg_follow.jpg; sourceTree = "<group>"; };
		2CD99DE21E262182007A26E6 /* review_white_line@x1.5.png */ = {isa = PBXFileReference; lastKnownFileType = image.png; path = "review_white_line@x1.5.png"; sourceTree = "<group>"; };
		2CEEA4BF1E9D0A0B00D44F78 /* GADInterstitial+.swift */ = {isa = PBXFileReference; fileEncoding = 4; lastKnownFileType = sourcecode.swift; path = "GADInterstitial+.swift"; sourceTree = "<group>"; };
		2CEEA4C11E9D0FA800D44F78 /* LCDefaults.swift */ = {isa = PBXFileReference; fileEncoding = 4; lastKnownFileType = sourcecode.swift; path = LCDefaults.swift; sourceTree = "<group>"; };
		2CFA892C1E210DFB00E56F6B /* LCToastTableViewController.swift */ = {isa = PBXFileReference; fileEncoding = 4; lastKnownFileType = sourcecode.swift; path = LCToastTableViewController.swift; sourceTree = "<group>"; };
		2CFA892E1E210E9900E56F6B /* LCCategotyTableViewController.swift */ = {isa = PBXFileReference; fileEncoding = 4; lastKnownFileType = sourcecode.swift; path = LCCategotyTableViewController.swift; sourceTree = "<group>"; };
		2CFA89301E210FBB00E56F6B /* LCCategoryTableViewCell.swift */ = {isa = PBXFileReference; fileEncoding = 4; lastKnownFileType = sourcecode.swift; path = LCCategoryTableViewCell.swift; sourceTree = "<group>"; };
		2CFA89351E212D9000E56F6B /* letscheers-Bridging-Header.h */ = {isa = PBXFileReference; lastKnownFileType = sourcecode.c.h; path = "letscheers-Bridging-Header.h"; sourceTree = "<group>"; };
		2CFA89391E21346600E56F6B /* meeting@x3.png */ = {isa = PBXFileReference; lastKnownFileType = image.png; path = "meeting@x3.png"; sourceTree = "<group>"; };
		2CFA893B1E21349400E56F6B /* dining@x3.png */ = {isa = PBXFileReference; lastKnownFileType = image.png; path = "dining@x3.png"; sourceTree = "<group>"; };
		2CFA893D1E2134A900E56F6B /* health@x3.png */ = {isa = PBXFileReference; lastKnownFileType = image.png; path = "health@x3.png"; sourceTree = "<group>"; };
		2CFF5AA71E389CA0001D4410 /* credif.png */ = {isa = PBXFileReference; lastKnownFileType = image.png; path = credif.png; sourceTree = "<group>"; };
		47E788859AE6644296EC1B3C /* Pods-letscheersUITests.debug.xcconfig */ = {isa = PBXFileReference; includeInIndex = 1; lastKnownFileType = text.xcconfig; name = "Pods-letscheersUITests.debug.xcconfig"; path = "Pods/Target Support Files/Pods-letscheersUITests/Pods-letscheersUITests.debug.xcconfig"; sourceTree = "<group>"; };
		60AFBC3B4A275E5AD7CBA04C /* Pods-letscheers.release.xcconfig */ = {isa = PBXFileReference; includeInIndex = 1; lastKnownFileType = text.xcconfig; name = "Pods-letscheers.release.xcconfig"; path = "Pods/Target Support Files/Pods-letscheers/Pods-letscheers.release.xcconfig"; sourceTree = "<group>"; };
		692E4970506D410676AE1192 /* Pods_letscheersTests.framework */ = {isa = PBXFileReference; explicitFileType = wrapper.framework; includeInIndex = 0; path = Pods_letscheersTests.framework; sourceTree = BUILT_PRODUCTS_DIR; };
		8376D6286ECB07252623E63F /* Pods-letscheersTests.release.xcconfig */ = {isa = PBXFileReference; includeInIndex = 1; lastKnownFileType = text.xcconfig; name = "Pods-letscheersTests.release.xcconfig"; path = "Pods/Target Support Files/Pods-letscheersTests/Pods-letscheersTests.release.xcconfig"; sourceTree = "<group>"; };
		AE43C5ED5F61EA95EBE5DE38 /* Pods-letscheers.debug.xcconfig */ = {isa = PBXFileReference; includeInIndex = 1; lastKnownFileType = text.xcconfig; name = "Pods-letscheers.debug.xcconfig"; path = "Pods/Target Support Files/Pods-letscheers/Pods-letscheers.debug.xcconfig"; sourceTree = "<group>"; };
		B9C8CA5707CB1698634DF3C8 /* Pods_letscheersUITests.framework */ = {isa = PBXFileReference; explicitFileType = wrapper.framework; includeInIndex = 0; path = Pods_letscheersUITests.framework; sourceTree = BUILT_PRODUCTS_DIR; };
		CEC2195A0C33AB526196018A /* Pods_letscheers.framework */ = {isa = PBXFileReference; explicitFileType = wrapper.framework; includeInIndex = 0; path = Pods_letscheers.framework; sourceTree = BUILT_PRODUCTS_DIR; };
		D4E0F5FC3B590EE4319C793C /* Pods-letscheersTests.debug.xcconfig */ = {isa = PBXFileReference; includeInIndex = 1; lastKnownFileType = text.xcconfig; name = "Pods-letscheersTests.debug.xcconfig"; path = "Pods/Target Support Files/Pods-letscheersTests/Pods-letscheersTests.debug.xcconfig"; sourceTree = "<group>"; };
		D776E270AE50F36FC008644A /* Pods-letscheersUITests.release.xcconfig */ = {isa = PBXFileReference; includeInIndex = 1; lastKnownFileType = text.xcconfig; name = "Pods-letscheersUITests.release.xcconfig"; path = "Pods/Target Support Files/Pods-letscheersUITests/Pods-letscheersUITests.release.xcconfig"; sourceTree = "<group>"; };
/* End PBXFileReference section */

/* Begin PBXFrameworksBuildPhase section */
		2C0AE43E1E20954C00ADAA1A /* Frameworks */ = {
			isa = PBXFrameworksBuildPhase;
			buildActionMask = 2147483647;
			files = (
				29A4197EDA166FA0D54AEC94 /* Pods_letscheers.framework in Frameworks */,
			);
			runOnlyForDeploymentPostprocessing = 0;
		};
		2C0AE4551E20954C00ADAA1A /* Frameworks */ = {
			isa = PBXFrameworksBuildPhase;
			buildActionMask = 2147483647;
			files = (
				AEB0A06D53FC885671D8F950 /* Pods_letscheersTests.framework in Frameworks */,
			);
			runOnlyForDeploymentPostprocessing = 0;
		};
		2C0AE4601E20954C00ADAA1A /* Frameworks */ = {
			isa = PBXFrameworksBuildPhase;
			buildActionMask = 2147483647;
			files = (
				B622E27D758BE7FC60C2ED45 /* Pods_letscheersUITests.framework in Frameworks */,
			);
			runOnlyForDeploymentPostprocessing = 0;
		};
/* End PBXFrameworksBuildPhase section */

/* Begin PBXGroup section */
		0C3A4739BC58226E8A12AE4A /* Pods */ = {
			isa = PBXGroup;
			children = (
				AE43C5ED5F61EA95EBE5DE38 /* Pods-letscheers.debug.xcconfig */,
				60AFBC3B4A275E5AD7CBA04C /* Pods-letscheers.release.xcconfig */,
				D4E0F5FC3B590EE4319C793C /* Pods-letscheersTests.debug.xcconfig */,
				8376D6286ECB07252623E63F /* Pods-letscheersTests.release.xcconfig */,
				47E788859AE6644296EC1B3C /* Pods-letscheersUITests.debug.xcconfig */,
				D776E270AE50F36FC008644A /* Pods-letscheersUITests.release.xcconfig */,
			);
			name = Pods;
			sourceTree = "<group>";
		};
		2C0AE4381E20954C00ADAA1A = {
			isa = PBXGroup;
			children = (
				2C0AE47A1E20A4AD00ADAA1A /* leesam */,
				2C0AE4431E20954C00ADAA1A /* letscheers */,
				2C0AE45B1E20954C00ADAA1A /* letscheersTests */,
				2C0AE4661E20954C00ADAA1A /* letscheersUITests */,
				2C0AE4421E20954C00ADAA1A /* Products */,
				0C3A4739BC58226E8A12AE4A /* Pods */,
				7B66E57DEA9AB2EEE4E9BD3F /* Frameworks */,
			);
			sourceTree = "<group>";
		};
		2C0AE4421E20954C00ADAA1A /* Products */ = {
			isa = PBXGroup;
			children = (
				2C0AE4411E20954C00ADAA1A /* letscheers.app */,
				2C0AE4581E20954C00ADAA1A /* letscheersTests.xctest */,
				2C0AE4631E20954C00ADAA1A /* letscheersUITests.xctest */,
			);
			name = Products;
			sourceTree = "<group>";
		};
		2C0AE4431E20954C00ADAA1A /* letscheers */ = {
			isa = PBXGroup;
			children = (
				2CFA892B1E210D4800E56F6B /* view */,
				2C8937EC1E20DC0D00497CAA /* controller */,
				2C8937E71E20D5C700497CAA /* data */,
				2C0AE4751E20958E00ADAA1A /* image */,
				2C0AE4441E20954C00ADAA1A /* AppDelegate.swift */,
				2C0AE4461E20954C00ADAA1A /* MainViewController.swift */,
				2C0AE4481E20954C00ADAA1A /* Main.storyboard */,
				2C0AE44E1E20954C00ADAA1A /* Assets.xcassets */,
				2C0AE4501E20954C00ADAA1A /* LaunchScreen.storyboard */,
				2C0AE4531E20954C00ADAA1A /* Info.plist */,
				2C0AE4781E2099F600ADAA1A /* GoogleService-Info.plist */,
				2C0AE44B1E20954C00ADAA1A /* letscheers.xcdatamodeld */,
				2C8937D91E20B5B300497CAA /* cheers.xlsx */,
				2CFA89351E212D9000E56F6B /* letscheers-Bridging-Header.h */,
			);
			path = letscheers;
			sourceTree = "<group>";
		};
		2C0AE45B1E20954C00ADAA1A /* letscheersTests */ = {
			isa = PBXGroup;
			children = (
				2C0AE45C1E20954C00ADAA1A /* letscheersTests.swift */,
				2C0AE45E1E20954C00ADAA1A /* Info.plist */,
			);
			path = letscheersTests;
			sourceTree = "<group>";
		};
		2C0AE4661E20954C00ADAA1A /* letscheersUITests */ = {
			isa = PBXGroup;
			children = (
				2C0AE4671E20954C00ADAA1A /* letscheersUITests.swift */,
				2C0AE4691E20954C00ADAA1A /* Info.plist */,
			);
			path = letscheersUITests;
			sourceTree = "<group>";
		};
		2C0AE4751E20958E00ADAA1A /* image */ = {
			isa = PBXGroup;
			children = (
				2CA3E5F41E379249009CF079 /* background */,
				2C8937C01E20ABB900497CAA /* icon */,
				2C10590820909DF30064E933 /* Y2K.png */,
				2C8937E11E20BECA00497CAA /* health@x2.png */,
				2CFA893D1E2134A900E56F6B /* health@x3.png */,
				2C8937DF1E20BEAD00497CAA /* dining@x2.png */,
				2CFA893B1E21349400E56F6B /* dining@x3.png */,
				2CFA89391E21346600E56F6B /* meeting@x3.png */,
				2C8937DD1E20BE2E00497CAA /* meeting@x2.png */,
				2C8937DB1E20BDB100497CAA /* follow@x2.png */,
				2C09CA921E2263EC006FBE56 /* follow@x3.png */,
				2C09CA941E2267E1006FBE56 /* Icons7.png */,
				2CFF5AA71E389CA0001D4410 /* credif.png */,
			);
			path = image;
			sourceTree = "<group>";
		};
		2C0AE47A1E20A4AD00ADAA1A /* leesam */ = {
			isa = PBXGroup;
			children = (
				2C18244F2091D9DC006AD230 /* Lx */,
				2C1FDC5D207F9BAB0071CC22 /* RxCocoa */,
				2C100F6120777ED6003962DC /* GoogleMobileAds */,
				2C0AE47B1E20A4E900ADAA1A /* GADBannerView+.swift */,
				2CEEA4BF1E9D0A0B00D44F78 /* GADInterstitial+.swift */,
				2C172B3C1F70E6F300962B6F /* GADInterstitialManager.swift */,
				2C172B3E1F70E75100962B6F /* GADRewardManager.swift */,
				2C172B401F70E75900962B6F /* ReviewManager.swift */,
				2C172B421F70E76500962B6F /* UIApplication+KakaoLink.swift */,
			);
			path = leesam;
			sourceTree = "<group>";
		};
		2C100F6120777ED6003962DC /* GoogleMobileAds */ = {
			isa = PBXGroup;
			children = (
				2C100F6220777F4E003962DC /* GADBannerView+Unvisible.swift */,
			);
			path = GoogleMobileAds;
			sourceTree = "<group>";
		};
		2C18244F2091D9DC006AD230 /* Lx */ = {
			isa = PBXGroup;
			children = (
				2C18244D2091D9D1006AD230 /* NSFetchedResultsController+UITableView.swift */,
			);
			path = Lx;
			sourceTree = "<group>";
		};
		2C1FDC5D207F9BAB0071CC22 /* RxCocoa */ = {
			isa = PBXGroup;
			children = (
				2C1FDC5E207F9BD40071CC22 /* ObservableType+UITableView.swift */,
			);
			path = RxCocoa;
			sourceTree = "<group>";
		};
		2C8937C01E20ABB900497CAA /* icon */ = {
			isa = PBXGroup;
			children = (
				2CD99DE21E262182007A26E6 /* review_white_line@x1.5.png */,
				2C8937E51E20BEE900497CAA /* dining_on.png */,
				2C8937E31E20BEDD00497CAA /* dining_off.png */,
				2C8937D71E20B21900497CAA /* love_on.png */,
				2C8937D51E20B20D00497CAA /* love_off.png */,
				2C8937D31E20B12700497CAA /* follow_on.png */,
				2C8937D11E20B11100497CAA /* follow_off.png */,
				2C8937CF1E20AFCE00497CAA /* health_on.png */,
				2C8937CD1E20AFBE00497CAA /* health_off.png */,
				2C8937CB1E20AF5D00497CAA /* meeting_on.png */,
				2C8937C91E20AF4C00497CAA /* meeting_off.png */,
				2C8937C71E20AE0A00497CAA /* favorite_on.png */,
				2C8937C51E20ADF200497CAA /* favorite_off.png */,
				2C8937C31E20ADCC00497CAA /* beer_on.png */,
				2C8937C11E20ADB000497CAA /* beer_off.png */,
			);
			path = icon;
			sourceTree = "<group>";
		};
		2C8937E71E20D5C700497CAA /* data */ = {
			isa = PBXGroup;
			children = (
				2C8937E81E20D80300497CAA /* LCToastCategory.swift */,
				2C8937EA1E20DA4900497CAA /* LCToast.swift */,
				2CEEA4C11E9D0FA800D44F78 /* LCDefaults.swift */,
			);
			path = data;
			sourceTree = "<group>";
		};
		2C8937EC1E20DC0D00497CAA /* controller */ = {
			isa = PBXGroup;
			children = (
				2C8937ED1E20DC3F00497CAA /* LCModelController.swift */,
				2C10590C2090BD8D0064E933 /* LCFavoriteModelController.swift */,
				2C09CA8C1E21E7BA006FBE56 /* LCExcelController.swift */,
			);
			path = controller;
			sourceTree = "<group>";
		};
		2CA3E5F41E379249009CF079 /* background */ = {
			isa = PBXGroup;
			children = (
				2CA3E5FB1E3795C9009CF079 /* bg_health.jpg */,
				2CA3E5F91E379574009CF079 /* bg_dining.jpg */,
				2CA3E5F71E379525009CF079 /* bg_meeting.jpg */,
				2CA3E5FD1E37970C009CF079 /* bg_follow.jpg */,
				2CA3E5F51E3794A1009CF079 /* bg_follow_2.png */,
				2CA3E5F21E378DA8009CF079 /* bg_cheers.png */,
			);
			name = background;
			path = backgroud;
			sourceTree = "<group>";
		};
		2CFA892B1E210D4800E56F6B /* view */ = {
			isa = PBXGroup;
			children = (
				2CFA892C1E210DFB00E56F6B /* LCToastTableViewController.swift */,
				2CFA892E1E210E9900E56F6B /* LCCategotyTableViewController.swift */,
				2CFA89301E210FBB00E56F6B /* LCCategoryTableViewCell.swift */,
				2C09CA8E1E222915006FBE56 /* LCToastTableViewCell.swift */,
				2C09CA901E223590006FBE56 /* LCFavoriteTableViewController.swift */,
			);
			path = view;
			sourceTree = "<group>";
		};
		7B66E57DEA9AB2EEE4E9BD3F /* Frameworks */ = {
			isa = PBXGroup;
			children = (
				CEC2195A0C33AB526196018A /* Pods_letscheers.framework */,
				692E4970506D410676AE1192 /* Pods_letscheersTests.framework */,
				B9C8CA5707CB1698634DF3C8 /* Pods_letscheersUITests.framework */,
			);
			name = Frameworks;
			sourceTree = "<group>";
		};
/* End PBXGroup section */

/* Begin PBXNativeTarget section */
		2C0AE4401E20954C00ADAA1A /* letscheers */ = {
			isa = PBXNativeTarget;
			buildConfigurationList = 2C0AE46C1E20954C00ADAA1A /* Build configuration list for PBXNativeTarget "letscheers" */;
			buildPhases = (
				EA554FE7ACF511CDB66FCF0E /* [CP] Check Pods Manifest.lock */,
				2C0AE43D1E20954C00ADAA1A /* Sources */,
				2C0AE43E1E20954C00ADAA1A /* Frameworks */,
				2C0AE43F1E20954C00ADAA1A /* Resources */,
				3A677FEAC173F1749DA6FE9A /* [CP] Embed Pods Frameworks */,
				2CE835BD21B958F600846E75 /* ShellScript */,
				2C1A37F62234BFF900AD1166 /* ShellScript */,
			);
			buildRules = (
			);
			dependencies = (
			);
			name = letscheers;
			productName = letscheers;
			productReference = 2C0AE4411E20954C00ADAA1A /* letscheers.app */;
			productType = "com.apple.product-type.application";
		};
		2C0AE4571E20954C00ADAA1A /* letscheersTests */ = {
			isa = PBXNativeTarget;
			buildConfigurationList = 2C0AE46F1E20954C00ADAA1A /* Build configuration list for PBXNativeTarget "letscheersTests" */;
			buildPhases = (
				E431AC395114E779B2F65B68 /* [CP] Check Pods Manifest.lock */,
				2C0AE4541E20954C00ADAA1A /* Sources */,
				2C0AE4551E20954C00ADAA1A /* Frameworks */,
				2C0AE4561E20954C00ADAA1A /* Resources */,
			);
			buildRules = (
			);
			dependencies = (
				2C0AE45A1E20954C00ADAA1A /* PBXTargetDependency */,
			);
			name = letscheersTests;
			productName = letscheersTests;
			productReference = 2C0AE4581E20954C00ADAA1A /* letscheersTests.xctest */;
			productType = "com.apple.product-type.bundle.unit-test";
		};
		2C0AE4621E20954C00ADAA1A /* letscheersUITests */ = {
			isa = PBXNativeTarget;
			buildConfigurationList = 2C0AE4721E20954C00ADAA1A /* Build configuration list for PBXNativeTarget "letscheersUITests" */;
			buildPhases = (
				0FE500FE48C32B27DD15C877 /* [CP] Check Pods Manifest.lock */,
				2C0AE45F1E20954C00ADAA1A /* Sources */,
				2C0AE4601E20954C00ADAA1A /* Frameworks */,
				2C0AE4611E20954C00ADAA1A /* Resources */,
			);
			buildRules = (
			);
			dependencies = (
				2C0AE4651E20954C00ADAA1A /* PBXTargetDependency */,
			);
			name = letscheersUITests;
			productName = letscheersUITests;
			productReference = 2C0AE4631E20954C00ADAA1A /* letscheersUITests.xctest */;
			productType = "com.apple.product-type.bundle.ui-testing";
		};
/* End PBXNativeTarget section */

/* Begin PBXProject section */
		2C0AE4391E20954C00ADAA1A /* Project object */ = {
			isa = PBXProject;
			attributes = {
				LastSwiftUpdateCheck = 0820;
				LastUpgradeCheck = 0930;
				ORGANIZATIONNAME = leesam;
				TargetAttributes = {
					2C0AE4401E20954C00ADAA1A = {
						CreatedOnToolsVersion = 8.2.1;
						DevelopmentTeam = M29A6H95KD;
						LastSwiftMigration = 0820;
						ProvisioningStyle = Automatic;
					};
					2C0AE4571E20954C00ADAA1A = {
						CreatedOnToolsVersion = 8.2.1;
						DevelopmentTeam = M29A6H95KD;
						LastSwiftMigration = 0930;
						ProvisioningStyle = Automatic;
						TestTargetID = 2C0AE4401E20954C00ADAA1A;
					};
					2C0AE4621E20954C00ADAA1A = {
						CreatedOnToolsVersion = 8.2.1;
						DevelopmentTeam = M29A6H95KD;
						LastSwiftMigration = 0930;
						ProvisioningStyle = Automatic;
						TestTargetID = 2C0AE4401E20954C00ADAA1A;
					};
				};
			};
			buildConfigurationList = 2C0AE43C1E20954C00ADAA1A /* Build configuration list for PBXProject "letscheers" */;
			compatibilityVersion = "Xcode 3.2";
			developmentRegion = English;
			hasScannedForEncodings = 0;
			knownRegions = (
				en,
				Base,
			);
			mainGroup = 2C0AE4381E20954C00ADAA1A;
			productRefGroup = 2C0AE4421E20954C00ADAA1A /* Products */;
			projectDirPath = "";
			projectRoot = "";
			targets = (
				2C0AE4401E20954C00ADAA1A /* letscheers */,
				2C0AE4571E20954C00ADAA1A /* letscheersTests */,
				2C0AE4621E20954C00ADAA1A /* letscheersUITests */,
			);
		};
/* End PBXProject section */

/* Begin PBXResourcesBuildPhase section */
		2C0AE43F1E20954C00ADAA1A /* Resources */ = {
			isa = PBXResourcesBuildPhase;
			buildActionMask = 2147483647;
			files = (
				2CA3E5FA1E379574009CF079 /* bg_dining.jpg in Resources */,
				2C8937CA1E20AF4C00497CAA /* meeting_off.png in Resources */,
				2C09CA931E2263EC006FBE56 /* follow@x3.png in Resources */,
				2C0AE4521E20954C00ADAA1A /* LaunchScreen.storyboard in Resources */,
				2CFA893E1E2134A900E56F6B /* health@x3.png in Resources */,
				2CA3E5F61E3794A1009CF079 /* bg_follow_2.png in Resources */,
				2C8937E01E20BEAD00497CAA /* dining@x2.png in Resources */,
				2C8937DC1E20BDB100497CAA /* follow@x2.png in Resources */,
				2C8937DA1E20B5DA00497CAA /* cheers.xlsx in Resources */,
				2C8937E21E20BECA00497CAA /* health@x2.png in Resources */,
				2CA3E5FE1E37970C009CF079 /* bg_follow.jpg in Resources */,
				2CFA893C1E21349400E56F6B /* dining@x3.png in Resources */,
				2C0AE44F1E20954C00ADAA1A /* Assets.xcassets in Resources */,
				2C8937E41E20BEDD00497CAA /* dining_off.png in Resources */,
				2C8937D61E20B20D00497CAA /* love_off.png in Resources */,
				2C8937C61E20ADF200497CAA /* favorite_off.png in Resources */,
				2CFA893A1E21346600E56F6B /* meeting@x3.png in Resources */,
				2C8937D81E20B21900497CAA /* love_on.png in Resources */,
				2C0AE4791E2099F600ADAA1A /* GoogleService-Info.plist in Resources */,
				2CA3E5F31E378DA8009CF079 /* bg_cheers.png in Resources */,
				2C10590920909DF30064E933 /* Y2K.png in Resources */,
				2C8937D01E20AFCE00497CAA /* health_on.png in Resources */,
				2C8937DE1E20BE2E00497CAA /* meeting@x2.png in Resources */,
				2CFF5AA81E389CA0001D4410 /* credif.png in Resources */,
				2CA3E5F81E379525009CF079 /* bg_meeting.jpg in Resources */,
				2C8937CC1E20AF5D00497CAA /* meeting_on.png in Resources */,
				2C8937D41E20B12700497CAA /* follow_on.png in Resources */,
				2C8937C41E20ADCC00497CAA /* beer_on.png in Resources */,
				2C8937C21E20ADB000497CAA /* beer_off.png in Resources */,
				2C0AE44A1E20954C00ADAA1A /* Main.storyboard in Resources */,
				2CD99DE31E262183007A26E6 /* review_white_line@x1.5.png in Resources */,
				2C09CA951E2267E1006FBE56 /* Icons7.png in Resources */,
				2C8937C81E20AE0A00497CAA /* favorite_on.png in Resources */,
				2CA3E5FC1E3795C9009CF079 /* bg_health.jpg in Resources */,
				2C8937D21E20B11100497CAA /* follow_off.png in Resources */,
				2C8937CE1E20AFBE00497CAA /* health_off.png in Resources */,
				2C8937E61E20BEE900497CAA /* dining_on.png in Resources */,
			);
			runOnlyForDeploymentPostprocessing = 0;
		};
		2C0AE4561E20954C00ADAA1A /* Resources */ = {
			isa = PBXResourcesBuildPhase;
			buildActionMask = 2147483647;
			files = (
			);
			runOnlyForDeploymentPostprocessing = 0;
		};
		2C0AE4611E20954C00ADAA1A /* Resources */ = {
			isa = PBXResourcesBuildPhase;
			buildActionMask = 2147483647;
			files = (
			);
			runOnlyForDeploymentPostprocessing = 0;
		};
/* End PBXResourcesBuildPhase section */

/* Begin PBXShellScriptBuildPhase section */
		0FE500FE48C32B27DD15C877 /* [CP] Check Pods Manifest.lock */ = {
			isa = PBXShellScriptBuildPhase;
			buildActionMask = 2147483647;
			files = (
			);
			inputPaths = (
				"${PODS_PODFILE_DIR_PATH}/Podfile.lock",
				"${PODS_ROOT}/Manifest.lock",
			);
			name = "[CP] Check Pods Manifest.lock";
			outputPaths = (
				"$(DERIVED_FILE_DIR)/Pods-letscheersUITests-checkManifestLockResult.txt",
			);
			runOnlyForDeploymentPostprocessing = 0;
			shellPath = /bin/sh;
			shellScript = "diff \"${PODS_PODFILE_DIR_PATH}/Podfile.lock\" \"${PODS_ROOT}/Manifest.lock\" > /dev/null\nif [ $? != 0 ] ; then\n    # print error to STDERR\n    echo \"error: The sandbox is not in sync with the Podfile.lock. Run 'pod install' or update your CocoaPods installation.\" >&2\n    exit 1\nfi\n# This output is used by Xcode 'outputs' to avoid re-running this script phase.\necho \"SUCCESS\" > \"${SCRIPT_OUTPUT_FILE_0}\"\n";
			showEnvVarsInLog = 0;
		};
		2C1A37F62234BFF900AD1166 /* ShellScript */ = {
			isa = PBXShellScriptBuildPhase;
			buildActionMask = 2147483647;
			files = (
			);
			inputFileListPaths = (
			);
			inputPaths = (
				"$(BUILT_PRODUCTS_DIR)/$(INFOPLIST_PATH)",
			);
			outputFileListPaths = (
			);
			outputPaths = (
			);
			runOnlyForDeploymentPostprocessing = 0;
			shellPath = /bin/sh;
			shellScript = "\"${PODS_ROOT}/Fabric/run\"\n";
		};
		2CE835BD21B958F600846E75 /* ShellScript */ = {
			isa = PBXShellScriptBuildPhase;
			buildActionMask = 2147483647;
			files = (
			);
			inputFileListPaths = (
			);
			inputPaths = (
			);
			outputFileListPaths = (
			);
			outputPaths = (
			);
			runOnlyForDeploymentPostprocessing = 0;
			shellPath = /bin/sh;
			shellScript = "buildNumber=$(/usr/libexec/PlistBuddy -c \"Print CFBundleVersion\" \"${PROJECT_DIR}/${INFOPLIST_FILE}\")\nbuildNumber=$(($buildNumber + 1))\n/usr/libexec/PlistBuddy -c \"Set :CFBundleVersion $buildNumber\" \"${PROJECT_DIR}/${INFOPLIST_FILE}\"\n";
		};
		3A677FEAC173F1749DA6FE9A /* [CP] Embed Pods Frameworks */ = {
			isa = PBXShellScriptBuildPhase;
			buildActionMask = 2147483647;
			files = (
			);
			inputPaths = (
				"${PODS_ROOT}/Target Support Files/Pods-letscheers/Pods-letscheers-frameworks.sh",
				"${BUILT_PRODUCTS_DIR}/GoogleUtilities/GoogleUtilities.framework",
				"${BUILT_PRODUCTS_DIR}/LSExtensions/LSExtensions.framework",
				"${BUILT_PRODUCTS_DIR}/RxAtomic/RxAtomic.framework",
				"${BUILT_PRODUCTS_DIR}/RxCocoa/RxCocoa.framework",
				"${BUILT_PRODUCTS_DIR}/RxSwift/RxSwift.framework",
				"${BUILT_PRODUCTS_DIR}/SSZipArchive/SSZipArchive.framework",
				"${BUILT_PRODUCTS_DIR}/XMLDictionary/XMLDictionary.framework",
				"${BUILT_PRODUCTS_DIR}/XlsxReaderWriter/XlsxReaderWriter.framework",
				"${BUILT_PRODUCTS_DIR}/nanopb/nanopb.framework",
			);
			name = "[CP] Embed Pods Frameworks";
			outputPaths = (
				"${TARGET_BUILD_DIR}/${FRAMEWORKS_FOLDER_PATH}/GoogleUtilities.framework",
				"${TARGET_BUILD_DIR}/${FRAMEWORKS_FOLDER_PATH}/LSExtensions.framework",
				"${TARGET_BUILD_DIR}/${FRAMEWORKS_FOLDER_PATH}/RxAtomic.framework",
				"${TARGET_BUILD_DIR}/${FRAMEWORKS_FOLDER_PATH}/RxCocoa.framework",
				"${TARGET_BUILD_DIR}/${FRAMEWORKS_FOLDER_PATH}/RxSwift.framework",
				"${TARGET_BUILD_DIR}/${FRAMEWORKS_FOLDER_PATH}/SSZipArchive.framework",
				"${TARGET_BUILD_DIR}/${FRAMEWORKS_FOLDER_PATH}/XMLDictionary.framework",
				"${TARGET_BUILD_DIR}/${FRAMEWORKS_FOLDER_PATH}/XlsxReaderWriter.framework",
				"${TARGET_BUILD_DIR}/${FRAMEWORKS_FOLDER_PATH}/nanopb.framework",
			);
			runOnlyForDeploymentPostprocessing = 0;
			shellPath = /bin/sh;
			shellScript = "\"${PODS_ROOT}/Target Support Files/Pods-letscheers/Pods-letscheers-frameworks.sh\"\n";
			showEnvVarsInLog = 0;
		};
		E431AC395114E779B2F65B68 /* [CP] Check Pods Manifest.lock */ = {
			isa = PBXShellScriptBuildPhase;
			buildActionMask = 2147483647;
			files = (
			);
			inputPaths = (
				"${PODS_PODFILE_DIR_PATH}/Podfile.lock",
				"${PODS_ROOT}/Manifest.lock",
			);
			name = "[CP] Check Pods Manifest.lock";
			outputPaths = (
				"$(DERIVED_FILE_DIR)/Pods-letscheersTests-checkManifestLockResult.txt",
			);
			runOnlyForDeploymentPostprocessing = 0;
			shellPath = /bin/sh;
			shellScript = "diff \"${PODS_PODFILE_DIR_PATH}/Podfile.lock\" \"${PODS_ROOT}/Manifest.lock\" > /dev/null\nif [ $? != 0 ] ; then\n    # print error to STDERR\n    echo \"error: The sandbox is not in sync with the Podfile.lock. Run 'pod install' or update your CocoaPods installation.\" >&2\n    exit 1\nfi\n# This output is used by Xcode 'outputs' to avoid re-running this script phase.\necho \"SUCCESS\" > \"${SCRIPT_OUTPUT_FILE_0}\"\n";
			showEnvVarsInLog = 0;
		};
		EA554FE7ACF511CDB66FCF0E /* [CP] Check Pods Manifest.lock */ = {
			isa = PBXShellScriptBuildPhase;
			buildActionMask = 2147483647;
			files = (
			);
			inputPaths = (
				"${PODS_PODFILE_DIR_PATH}/Podfile.lock",
				"${PODS_ROOT}/Manifest.lock",
			);
			name = "[CP] Check Pods Manifest.lock";
			outputPaths = (
				"$(DERIVED_FILE_DIR)/Pods-letscheers-checkManifestLockResult.txt",
			);
			runOnlyForDeploymentPostprocessing = 0;
			shellPath = /bin/sh;
			shellScript = "diff \"${PODS_PODFILE_DIR_PATH}/Podfile.lock\" \"${PODS_ROOT}/Manifest.lock\" > /dev/null\nif [ $? != 0 ] ; then\n    # print error to STDERR\n    echo \"error: The sandbox is not in sync with the Podfile.lock. Run 'pod install' or update your CocoaPods installation.\" >&2\n    exit 1\nfi\n# This output is used by Xcode 'outputs' to avoid re-running this script phase.\necho \"SUCCESS\" > \"${SCRIPT_OUTPUT_FILE_0}\"\n";
			showEnvVarsInLog = 0;
		};
/* End PBXShellScriptBuildPhase section */

/* Begin PBXSourcesBuildPhase section */
		2C0AE43D1E20954C00ADAA1A /* Sources */ = {
			isa = PBXSourcesBuildPhase;
			buildActionMask = 2147483647;
			files = (
				2CFA892F1E210E9900E56F6B /* LCCategotyTableViewController.swift in Sources */,
				2C1FDC5F207F9BD40071CC22 /* ObservableType+UITableView.swift in Sources */,
				2C172B3F1F70E75100962B6F /* GADRewardManager.swift in Sources */,
				2C8937E91E20D80300497CAA /* LCToastCategory.swift in Sources */,
				2C18244E2091D9D1006AD230 /* NSFetchedResultsController+UITableView.swift in Sources */,
				2CEEA4C21E9D0FA800D44F78 /* LCDefaults.swift in Sources */,
				2CEEA4C01E9D0A0B00D44F78 /* GADInterstitial+.swift in Sources */,
				2C10590D2090BD8D0064E933 /* LCFavoriteModelController.swift in Sources */,
				2C09CA8D1E21E7BA006FBE56 /* LCExcelController.swift in Sources */,
				2C100F6320777F4E003962DC /* GADBannerView+Unvisible.swift in Sources */,
				2C09CA911E223590006FBE56 /* LCFavoriteTableViewController.swift in Sources */,
				2CFA892D1E210DFB00E56F6B /* LCToastTableViewController.swift in Sources */,
				2C8937EB1E20DA4900497CAA /* LCToast.swift in Sources */,
				2C172B431F70E76500962B6F /* UIApplication+KakaoLink.swift in Sources */,
				2C0AE44D1E20954C00ADAA1A /* letscheers.xcdatamodeld in Sources */,
				2C8937EE1E20DC3F00497CAA /* LCModelController.swift in Sources */,
				2C0AE4471E20954C00ADAA1A /* MainViewController.swift in Sources */,
				2C09CA8F1E222915006FBE56 /* LCToastTableViewCell.swift in Sources */,
				2C172B411F70E75900962B6F /* ReviewManager.swift in Sources */,
				2CFA89311E210FBB00E56F6B /* LCCategoryTableViewCell.swift in Sources */,
				2C0AE4451E20954C00ADAA1A /* AppDelegate.swift in Sources */,
				2C0AE47C1E20A4E900ADAA1A /* GADBannerView+.swift in Sources */,
				2C172B3D1F70E6F300962B6F /* GADInterstitialManager.swift in Sources */,
			);
			runOnlyForDeploymentPostprocessing = 0;
		};
		2C0AE4541E20954C00ADAA1A /* Sources */ = {
			isa = PBXSourcesBuildPhase;
			buildActionMask = 2147483647;
			files = (
				2C0AE45D1E20954C00ADAA1A /* letscheersTests.swift in Sources */,
			);
			runOnlyForDeploymentPostprocessing = 0;
		};
		2C0AE45F1E20954C00ADAA1A /* Sources */ = {
			isa = PBXSourcesBuildPhase;
			buildActionMask = 2147483647;
			files = (
				2C0AE4681E20954C00ADAA1A /* letscheersUITests.swift in Sources */,
			);
			runOnlyForDeploymentPostprocessing = 0;
		};
/* End PBXSourcesBuildPhase section */

/* Begin PBXTargetDependency section */
		2C0AE45A1E20954C00ADAA1A /* PBXTargetDependency */ = {
			isa = PBXTargetDependency;
			target = 2C0AE4401E20954C00ADAA1A /* letscheers */;
			targetProxy = 2C0AE4591E20954C00ADAA1A /* PBXContainerItemProxy */;
		};
		2C0AE4651E20954C00ADAA1A /* PBXTargetDependency */ = {
			isa = PBXTargetDependency;
			target = 2C0AE4401E20954C00ADAA1A /* letscheers */;
			targetProxy = 2C0AE4641E20954C00ADAA1A /* PBXContainerItemProxy */;
		};
/* End PBXTargetDependency section */

/* Begin PBXVariantGroup section */
		2C0AE4481E20954C00ADAA1A /* Main.storyboard */ = {
			isa = PBXVariantGroup;
			children = (
				2C0AE4491E20954C00ADAA1A /* Base */,
			);
			name = Main.storyboard;
			sourceTree = "<group>";
		};
		2C0AE4501E20954C00ADAA1A /* LaunchScreen.storyboard */ = {
			isa = PBXVariantGroup;
			children = (
				2C0AE4511E20954C00ADAA1A /* Base */,
			);
			name = LaunchScreen.storyboard;
			sourceTree = "<group>";
		};
/* End PBXVariantGroup section */

/* Begin XCBuildConfiguration section */
		2C0AE46A1E20954C00ADAA1A /* Debug */ = {
			isa = XCBuildConfiguration;
			buildSettings = {
				ALWAYS_SEARCH_USER_PATHS = NO;
				CLANG_ANALYZER_NONNULL = YES;
				CLANG_CXX_LANGUAGE_STANDARD = "gnu++0x";
				CLANG_CXX_LIBRARY = "libc++";
				CLANG_ENABLE_MODULES = YES;
				CLANG_ENABLE_OBJC_ARC = YES;
				CLANG_WARN_BLOCK_CAPTURE_AUTORELEASING = YES;
				CLANG_WARN_BOOL_CONVERSION = YES;
				CLANG_WARN_COMMA = YES;
				CLANG_WARN_CONSTANT_CONVERSION = YES;
				CLANG_WARN_DEPRECATED_OBJC_IMPLEMENTATIONS = YES;
				CLANG_WARN_DIRECT_OBJC_ISA_USAGE = YES_ERROR;
				CLANG_WARN_DOCUMENTATION_COMMENTS = YES;
				CLANG_WARN_EMPTY_BODY = YES;
				CLANG_WARN_ENUM_CONVERSION = YES;
				CLANG_WARN_INFINITE_RECURSION = YES;
				CLANG_WARN_INT_CONVERSION = YES;
				CLANG_WARN_NON_LITERAL_NULL_CONVERSION = YES;
				CLANG_WARN_OBJC_IMPLICIT_RETAIN_SELF = YES;
				CLANG_WARN_OBJC_LITERAL_CONVERSION = YES;
				CLANG_WARN_OBJC_ROOT_CLASS = YES_ERROR;
				CLANG_WARN_RANGE_LOOP_ANALYSIS = YES;
				CLANG_WARN_STRICT_PROTOTYPES = YES;
				CLANG_WARN_SUSPICIOUS_MOVE = YES;
				CLANG_WARN_UNREACHABLE_CODE = YES;
				CLANG_WARN__DUPLICATE_METHOD_MATCH = YES;
				"CODE_SIGN_IDENTITY[sdk=iphoneos*]" = "iPhone Developer";
				COPY_PHASE_STRIP = NO;
				DEBUG_INFORMATION_FORMAT = dwarf;
				ENABLE_STRICT_OBJC_MSGSEND = YES;
				ENABLE_TESTABILITY = YES;
				GCC_C_LANGUAGE_STANDARD = gnu99;
				GCC_DYNAMIC_NO_PIC = NO;
				GCC_NO_COMMON_BLOCKS = YES;
				GCC_OPTIMIZATION_LEVEL = 0;
				GCC_PREPROCESSOR_DEFINITIONS = (
					"DEBUG=1",
					"$(inherited)",
				);
				GCC_WARN_64_TO_32_BIT_CONVERSION = YES;
				GCC_WARN_ABOUT_RETURN_TYPE = YES_ERROR;
				GCC_WARN_UNDECLARED_SELECTOR = YES;
				GCC_WARN_UNINITIALIZED_AUTOS = YES_AGGRESSIVE;
				GCC_WARN_UNUSED_FUNCTION = YES;
				GCC_WARN_UNUSED_VARIABLE = YES;
				IPHONEOS_DEPLOYMENT_TARGET = 10.2;
				MTL_ENABLE_DEBUG_INFO = YES;
				ONLY_ACTIVE_ARCH = YES;
				SDKROOT = iphoneos;
				SWIFT_ACTIVE_COMPILATION_CONDITIONS = DEBUG;
				SWIFT_OPTIMIZATION_LEVEL = "-Onone";
			};
			name = Debug;
		};
		2C0AE46B1E20954C00ADAA1A /* Release */ = {
			isa = XCBuildConfiguration;
			buildSettings = {
				ALWAYS_SEARCH_USER_PATHS = NO;
				CLANG_ANALYZER_NONNULL = YES;
				CLANG_CXX_LANGUAGE_STANDARD = "gnu++0x";
				CLANG_CXX_LIBRARY = "libc++";
				CLANG_ENABLE_MODULES = YES;
				CLANG_ENABLE_OBJC_ARC = YES;
				CLANG_WARN_BLOCK_CAPTURE_AUTORELEASING = YES;
				CLANG_WARN_BOOL_CONVERSION = YES;
				CLANG_WARN_COMMA = YES;
				CLANG_WARN_CONSTANT_CONVERSION = YES;
				CLANG_WARN_DEPRECATED_OBJC_IMPLEMENTATIONS = YES;
				CLANG_WARN_DIRECT_OBJC_ISA_USAGE = YES_ERROR;
				CLANG_WARN_DOCUMENTATION_COMMENTS = YES;
				CLANG_WARN_EMPTY_BODY = YES;
				CLANG_WARN_ENUM_CONVERSION = YES;
				CLANG_WARN_INFINITE_RECURSION = YES;
				CLANG_WARN_INT_CONVERSION = YES;
				CLANG_WARN_NON_LITERAL_NULL_CONVERSION = YES;
				CLANG_WARN_OBJC_IMPLICIT_RETAIN_SELF = YES;
				CLANG_WARN_OBJC_LITERAL_CONVERSION = YES;
				CLANG_WARN_OBJC_ROOT_CLASS = YES_ERROR;
				CLANG_WARN_RANGE_LOOP_ANALYSIS = YES;
				CLANG_WARN_STRICT_PROTOTYPES = YES;
				CLANG_WARN_SUSPICIOUS_MOVE = YES;
				CLANG_WARN_UNREACHABLE_CODE = YES;
				CLANG_WARN__DUPLICATE_METHOD_MATCH = YES;
				"CODE_SIGN_IDENTITY[sdk=iphoneos*]" = "iPhone Developer";
				COPY_PHASE_STRIP = NO;
				DEBUG_INFORMATION_FORMAT = "dwarf-with-dsym";
				ENABLE_NS_ASSERTIONS = NO;
				ENABLE_STRICT_OBJC_MSGSEND = YES;
				GCC_C_LANGUAGE_STANDARD = gnu99;
				GCC_NO_COMMON_BLOCKS = YES;
				GCC_WARN_64_TO_32_BIT_CONVERSION = YES;
				GCC_WARN_ABOUT_RETURN_TYPE = YES_ERROR;
				GCC_WARN_UNDECLARED_SELECTOR = YES;
				GCC_WARN_UNINITIALIZED_AUTOS = YES_AGGRESSIVE;
				GCC_WARN_UNUSED_FUNCTION = YES;
				GCC_WARN_UNUSED_VARIABLE = YES;
				IPHONEOS_DEPLOYMENT_TARGET = 10.2;
				MTL_ENABLE_DEBUG_INFO = NO;
				SDKROOT = iphoneos;
				SWIFT_OPTIMIZATION_LEVEL = "-Owholemodule";
				VALIDATE_PRODUCT = YES;
			};
			name = Release;
		};
		2C0AE46D1E20954C00ADAA1A /* Debug */ = {
			isa = XCBuildConfiguration;
			baseConfigurationReference = AE43C5ED5F61EA95EBE5DE38 /* Pods-letscheers.debug.xcconfig */;
			buildSettings = {
				ASSETCATALOG_COMPILER_APPICON_NAME = AppIcon;
				CLANG_ENABLE_MODULES = YES;
				DEVELOPMENT_TEAM = M29A6H95KD;
				ENABLE_BITCODE = NO;
				HEADER_SEARCH_PATHS = (
					"$(inherited)",
					"${PODS_ROOT}/Firebase/Core/Sources",
					"$(inherited)",
					"\"${PODS_ROOT}/Headers/Public\"",
					"\"${PODS_ROOT}/Headers/Public/Firebase\"",
					"\"${PODS_ROOT}/Headers/Public/FirebaseAnalytics\"",
					"\"${PODS_ROOT}/Headers/Public/FirebaseCore\"",
					"\"${PODS_ROOT}/Headers/Public/FirebaseInstanceID\"",
					"\"${PODS_ROOT}/Headers/Public/Google-Mobile-Ads-SDK\"",
					"\"${PODS_ROOT}/Headers/Public/GoogleInterchangeUtilities\"",
					"\"${PODS_ROOT}/Headers/Public/GoogleSymbolUtilities\"",
				);
				INFOPLIST_FILE = letscheers/Info.plist;
				IPHONEOS_DEPLOYMENT_TARGET = 10.0;
				LD_RUNPATH_SEARCH_PATHS = "$(inherited) @executable_path/Frameworks";
				PRODUCT_BUNDLE_IDENTIFIER = com.credif.letscheers;
				PRODUCT_NAME = "$(TARGET_NAME)";
				SWIFT_OBJC_BRIDGING_HEADER = "letscheers/letscheers-Bridging-Header.h";
				SWIFT_OPTIMIZATION_LEVEL = "-Onone";
				SWIFT_VERSION = 4.0;
				TARGETED_DEVICE_FAMILY = "1,2";
				USER_HEADER_SEARCH_PATHS = "\"${PODS_ROOT}/XlsxReaderWritera\"/** \"${PODS_ROOT}/XMLDictionarya\"/**";
			};
			name = Debug;
		};
		2C0AE46E1E20954C00ADAA1A /* Release */ = {
			isa = XCBuildConfiguration;
			baseConfigurationReference = 60AFBC3B4A275E5AD7CBA04C /* Pods-letscheers.release.xcconfig */;
			buildSettings = {
				ASSETCATALOG_COMPILER_APPICON_NAME = AppIcon;
				CLANG_ENABLE_MODULES = YES;
				DEVELOPMENT_TEAM = M29A6H95KD;
				ENABLE_BITCODE = NO;
				HEADER_SEARCH_PATHS = (
					"$(inherited)",
					"${PODS_ROOT}/Firebase/Core/Sources",
					"$(inherited)",
					"\"${PODS_ROOT}/Headers/Public\"",
					"\"${PODS_ROOT}/Headers/Public/Firebase\"",
					"\"${PODS_ROOT}/Headers/Public/FirebaseAnalytics\"",
					"\"${PODS_ROOT}/Headers/Public/FirebaseCore\"",
					"\"${PODS_ROOT}/Headers/Public/FirebaseInstanceID\"",
					"\"${PODS_ROOT}/Headers/Public/Google-Mobile-Ads-SDK\"",
					"\"${PODS_ROOT}/Headers/Public/GoogleInterchangeUtilities\"",
					"\"${PODS_ROOT}/Headers/Public/GoogleSymbolUtilities\"",
				);
				INFOPLIST_FILE = letscheers/Info.plist;
				IPHONEOS_DEPLOYMENT_TARGET = 10.0;
				LD_RUNPATH_SEARCH_PATHS = "$(inherited) @executable_path/Frameworks";
				PRODUCT_BUNDLE_IDENTIFIER = com.credif.letscheers;
				PRODUCT_NAME = "$(TARGET_NAME)";
				SWIFT_OBJC_BRIDGING_HEADER = "letscheers/letscheers-Bridging-Header.h";
				SWIFT_VERSION = 4.0;
				TARGETED_DEVICE_FAMILY = "1,2";
				USER_HEADER_SEARCH_PATHS = "\"${PODS_ROOT}/XlsxReaderWritera\"/** \"${PODS_ROOT}/XMLDictionarya\"/**";
			};
			name = Release;
		};
		2C0AE4701E20954C00ADAA1A /* Debug */ = {
			isa = XCBuildConfiguration;
			baseConfigurationReference = D4E0F5FC3B590EE4319C793C /* Pods-letscheersTests.debug.xcconfig */;
			buildSettings = {
				ALWAYS_EMBED_SWIFT_STANDARD_LIBRARIES = YES;
				BUNDLE_LOADER = "$(TEST_HOST)";
				DEVELOPMENT_TEAM = M29A6H95KD;
				INFOPLIST_FILE = letscheersTests/Info.plist;
				LD_RUNPATH_SEARCH_PATHS = "$(inherited) @executable_path/Frameworks @loader_path/Frameworks";
				PRODUCT_BUNDLE_IDENTIFIER = com.credif.letscheersTests;
				PRODUCT_NAME = "$(TARGET_NAME)";
				SWIFT_SWIFT3_OBJC_INFERENCE = Off;
				SWIFT_VERSION = 4.0;
				TEST_HOST = "$(BUILT_PRODUCTS_DIR)/letscheers.app/letscheers";
			};
			name = Debug;
		};
		2C0AE4711E20954C00ADAA1A /* Release */ = {
			isa = XCBuildConfiguration;
			baseConfigurationReference = 8376D6286ECB07252623E63F /* Pods-letscheersTests.release.xcconfig */;
			buildSettings = {
				ALWAYS_EMBED_SWIFT_STANDARD_LIBRARIES = YES;
				BUNDLE_LOADER = "$(TEST_HOST)";
				DEVELOPMENT_TEAM = M29A6H95KD;
				INFOPLIST_FILE = letscheersTests/Info.plist;
				LD_RUNPATH_SEARCH_PATHS = "$(inherited) @executable_path/Frameworks @loader_path/Frameworks";
				PRODUCT_BUNDLE_IDENTIFIER = com.credif.letscheersTests;
				PRODUCT_NAME = "$(TARGET_NAME)";
				SWIFT_SWIFT3_OBJC_INFERENCE = Off;
				SWIFT_VERSION = 4.0;
				TEST_HOST = "$(BUILT_PRODUCTS_DIR)/letscheers.app/letscheers";
			};
			name = Release;
		};
		2C0AE4731E20954C00ADAA1A /* Debug */ = {
			isa = XCBuildConfiguration;
			baseConfigurationReference = 47E788859AE6644296EC1B3C /* Pods-letscheersUITests.debug.xcconfig */;
			buildSettings = {
				ALWAYS_EMBED_SWIFT_STANDARD_LIBRARIES = YES;
				DEVELOPMENT_TEAM = M29A6H95KD;
				INFOPLIST_FILE = letscheersUITests/Info.plist;
				LD_RUNPATH_SEARCH_PATHS = "$(inherited) @executable_path/Frameworks @loader_path/Frameworks";
				PRODUCT_BUNDLE_IDENTIFIER = com.credif.letscheersUITests;
				PRODUCT_NAME = "$(TARGET_NAME)";
				SWIFT_SWIFT3_OBJC_INFERENCE = On;
				SWIFT_VERSION = 4.0;
				TEST_TARGET_NAME = letscheers;
			};
			name = Debug;
		};
		2C0AE4741E20954C00ADAA1A /* Release */ = {
			isa = XCBuildConfiguration;
			baseConfigurationReference = D776E270AE50F36FC008644A /* Pods-letscheersUITests.release.xcconfig */;
			buildSettings = {
				ALWAYS_EMBED_SWIFT_STANDARD_LIBRARIES = YES;
				DEVELOPMENT_TEAM = M29A6H95KD;
				INFOPLIST_FILE = letscheersUITests/Info.plist;
				LD_RUNPATH_SEARCH_PATHS = "$(inherited) @executable_path/Frameworks @loader_path/Frameworks";
				PRODUCT_BUNDLE_IDENTIFIER = com.credif.letscheersUITests;
				PRODUCT_NAME = "$(TARGET_NAME)";
				SWIFT_SWIFT3_OBJC_INFERENCE = On;
				SWIFT_VERSION = 4.0;
				TEST_TARGET_NAME = letscheers;
			};
			name = Release;
		};
/* End XCBuildConfiguration section */

/* Begin XCConfigurationList section */
		2C0AE43C1E20954C00ADAA1A /* Build configuration list for PBXProject "letscheers" */ = {
			isa = XCConfigurationList;
			buildConfigurations = (
				2C0AE46A1E20954C00ADAA1A /* Debug */,
				2C0AE46B1E20954C00ADAA1A /* Release */,
			);
			defaultConfigurationIsVisible = 0;
			defaultConfigurationName = Release;
		};
		2C0AE46C1E20954C00ADAA1A /* Build configuration list for PBXNativeTarget "letscheers" */ = {
			isa = XCConfigurationList;
			buildConfigurations = (
				2C0AE46D1E20954C00ADAA1A /* Debug */,
				2C0AE46E1E20954C00ADAA1A /* Release */,
			);
			defaultConfigurationIsVisible = 0;
			defaultConfigurationName = Release;
		};
		2C0AE46F1E20954C00ADAA1A /* Build configuration list for PBXNativeTarget "letscheersTests" */ = {
			isa = XCConfigurationList;
			buildConfigurations = (
				2C0AE4701E20954C00ADAA1A /* Debug */,
				2C0AE4711E20954C00ADAA1A /* Release */,
			);
			defaultConfigurationIsVisible = 0;
			defaultConfigurationName = Release;
		};
		2C0AE4721E20954C00ADAA1A /* Build configuration list for PBXNativeTarget "letscheersUITests" */ = {
			isa = XCConfigurationList;
			buildConfigurations = (
				2C0AE4731E20954C00ADAA1A /* Debug */,
				2C0AE4741E20954C00ADAA1A /* Release */,
			);
			defaultConfigurationIsVisible = 0;
			defaultConfigurationName = Release;
		};
/* End XCConfigurationList section */

/* Begin XCVersionGroup section */
		2C0AE44B1E20954C00ADAA1A /* letscheers.xcdatamodeld */ = {
			isa = XCVersionGroup;
			children = (
				2C0AE44C1E20954C00ADAA1A /* letscheers.xcdatamodel */,
			);
			currentVersion = 2C0AE44C1E20954C00ADAA1A /* letscheers.xcdatamodel */;
			path = letscheers.xcdatamodeld;
			sourceTree = "<group>";
			versionGroupType = wrapper.xcdatamodel;
		};
/* End XCVersionGroup section */
	};
	rootObject = 2C0AE4391E20954C00ADAA1A /* Project object */;
}
